
Microsoft Visual Studio Solution File, Format Version 12.00
# Visual Studio Version 16
VisualStudioVersion = 16.0.29521.150
MinimumVisualStudioVersion = 10.0.40219.1
Project("{9A19103F-16F7-4668-BE54-9A1E7A4F7556}") = "RFEMResultRemover", "RFEM\RFEMResultRemover.csproj", "{0DFBF8C4-B9AD-4D99-A5CE-BA49072AFBBC}"
EndProject
Global
	GlobalSection(SolutionConfigurationPlatforms) = preSolution
		Debug|Any CPU = Debug|Any CPU
		Release|Any CPU = Release|Any CPU
	EndGlobalSection
	GlobalSection(ProjectConfigurationPlatforms) = postSolution
		{0DFBF8C4-B9AD-4D99-A5CE-BA49072AFBBC}.Debug|Any CPU.ActiveCfg = Debug|Any CPU
		{0DFBF8C4-B9AD-4D99-A5CE-BA49072AFBBC}.Debug|Any CPU.Build.0 = Debug|Any CPU
		{0DFBF8C4-B9AD-4D99-A5CE-BA49072AFBBC}.Release|Any CPU.ActiveCfg = Release|Any CPU
		{0DFBF8C4-B9AD-4D99-A5CE-BA49072AFBBC}.Release|Any CPU.Build.0 = Release|Any CPU
	EndGlobalSection
	GlobalSection(SolutionProperties) = preSolution
		HideSolutionNode = FALSE
	EndGlobalSection
	GlobalSection(ExtensibilityGlobals) = postSolution
		SolutionGuid = {CF9347C8-1BA3-431E-91E6-245EBB5A9284}
	EndGlobalSection
EndGlobal
